
Microsoft Visual Studio Solution File, Format Version 12.00
# Visual Studio Version 18
VisualStudioVersion = 18.3.11520.95 d18.3
MinimumVisualStudioVersion = 10.0.40219.1
Project("{FAE04EC0-301F-11D3-BF4B-00C04F79EFBC}") = "StadiumManagementSystem", "StadiumManagementSystem.csproj", "{2DD36292-83CE-B8F9-CA57-90FBE889F064}"
EndProject
Global
	GlobalSection(SolutionConfigurationPlatforms) = preSolution
		Debug|Any CPU = Debug|Any CPU
		Release|Any CPU = Release|Any CPU
	EndGlobalSection
	GlobalSection(ProjectConfigurationPlatforms) = postSolution
		{2DD36292-83CE-B8F9-CA57-90FBE889F064}.Debug|Any CPU.ActiveCfg = Debug|Any CPU
		{2DD36292-83CE-B8F9-CA57-90FBE889F064}.Debug|Any CPU.Build.0 = Debug|Any CPU
		{2DD36292-83CE-B8F9-CA57-90FBE889F064}.Release|Any CPU.ActiveCfg = Release|Any CPU
		{2DD36292-83CE-B8F9-CA57-90FBE889F064}.Release|Any CPU.Build.0 = Release|Any CPU
	EndGlobalSection
	GlobalSection(SolutionProperties) = preSolution
		HideSolutionNode = FALSE
	EndGlobalSection
	GlobalSection(ExtensibilityGlobals) = postSolution
		SolutionGuid = {651D2897-5841-4584-A181-19A0371E3E8B}
	EndGlobalSection
EndGlobal
